{
  "originHash" : "c065af01e560f9acc37e45537754c226287c4f2088caa518f8fb4bbe45534efe",
  "pins" : [
    {
      "identity" : "kvsimd.swift",
      "kind" : "remoteSourceControl",
      "location" : "https://github.com/keyvariable/kvSIMD.swift.git",
      "state" : {
        "revision" : "4f3b6775e8248eed764e9c10389b6d6859515ca3",
        "version" : "1.0.4"
      }
    }
  ],
  "version" : 3
}